
Microsoft Visual Studio Solution File, Format Version 12.00
# Visual Studio Version 16
VisualStudioVersion = 16.0.29209.62
MinimumVisualStudioVersion = 10.0.40219.1
Project("{888888A0-9F3D-457C-B088-3A5042F75D52}") = "Boston", "Boston\Boston.pyproj", "{8BCA119D-062E-4AD9-AAB5-19D7B74AA06B}"
EndProject
Global
	GlobalSection(SolutionConfigurationPlatforms) = preSolution
		Debug|Any CPU = Debug|Any CPU
		Release|Any CPU = Release|Any CPU
	EndGlobalSection
	GlobalSection(ProjectConfigurationPlatforms) = postSolution
		{8BCA119D-062E-4AD9-AAB5-19D7B74AA06B}.Debug|Any CPU.ActiveCfg = Debug|Any CPU
		{8BCA119D-062E-4AD9-AAB5-19D7B74AA06B}.Release|Any CPU.ActiveCfg = Release|Any CPU
	EndGlobalSection
	GlobalSection(SolutionProperties) = preSolution
		HideSolutionNode = FALSE
	EndGlobalSection
	GlobalSection(ExtensibilityGlobals) = postSolution
		SolutionGuid = {3666D80F-C1BB-4B7A-85C4-A25F1C9F5750}
	EndGlobalSection
EndGlobal
